# This file is @generated by PDM.
# It is not intended for manual editing.

[metadata]
groups = ["default", "dev"]
strategy = ["cross_platform"]
lock_version = "4.4.1"
content_hash = "sha256:08afee49bec26dd897bca85ee9413da287ba8bd0a9869a5f74d57fc97f211d3c"

[[package]]
name = "anyio"
version = "3.6.2"
requires_python = ">=3.6.2"
summary = "High level compatibility layer for multiple asynchronous event loop implementations"
dependencies = [
    "idna>=2.8",
    "sniffio>=1.1",
]
files = [
    {file = "anyio-3.6.2-py3-none-any.whl", hash = "sha256:fbbe32bd270d2a2ef3ed1c5d45041250284e31fc0a4df4a5a6071842051a51e3"},
    {file = "anyio-3.6.2.tar.gz", hash = "sha256:25ea0d673ae30af41a0c442f81cf3b38c7e79fdc7b60335a4c14e05eb0947421"},
]

[[package]]
name = "bandit"
version = "1.7.8"
requires_python = ">=3.8"
summary = "Security oriented static analyser for python code."
dependencies = [
    "PyYAML>=5.3.1",
    "colorama>=0.3.9; platform_system == \"Windows\"",
    "rich",
    "stevedore>=1.20.0",
]
files = [
    {file = "bandit-1.7.8-py3-none-any.whl", hash = "sha256:509f7af645bc0cd8fd4587abc1a038fc795636671ee8204d502b933aee44f381"},
    {file = "bandit-1.7.8.tar.gz", hash = "sha256:36de50f720856ab24a24dbaa5fee2c66050ed97c1477e0a1159deab1775eab6b"},
]

[[package]]
name = "cachetools"
version = "5.3.2"
requires_python = ">=3.7"
summary = "Extensible memoizing collections and decorators"
files = [
    {file = "cachetools-5.3.2-py3-none-any.whl", hash = "sha256:861f35a13a451f94e301ce2bec7cac63e881232ccce7ed67fab9b5df4d3beaa1"},
    {file = "cachetools-5.3.2.tar.gz", hash = "sha256:086ee420196f7b2ab9ca2db2520aca326318b68fe5ba8bc4d49cca91add450f2"},
]

[[package]]
name = "certifi"
version = "2022.12.7"
requires_python = ">=3.6"
summary = "Python package for providing Mozilla's CA Bundle."
files = [
    {file = "certifi-2022.12.7-py3-none-any.whl", hash = "sha256:4ad3232f5e926d6718ec31cfc1fcadfde020920e278684144551c91769c7bc18"},
    {file = "certifi-2022.12.7.tar.gz", hash = "sha256:35824b4c3a97115964b408844d64aa14db1cc518f6562e8d7261699d1350a9e3"},
]

[[package]]
name = "chardet"
version = "5.2.0"
requires_python = ">=3.7"
summary = "Universal encoding detector for Python 3"
files = [
    {file = "chardet-5.2.0-py3-none-any.whl", hash = "sha256:e1cf59446890a00105fe7b7912492ea04b6e6f06d4b742b2c788469e34c82970"},
    {file = "chardet-5.2.0.tar.gz", hash = "sha256:1b3b6ff479a8c414bc3fa2c0852995695c4a026dcd6d0633b2dd092ca39c1cf7"},
]

[[package]]
name = "click"
version = "8.1.3"
requires_python = ">=3.7"
summary = "Composable command line interface toolkit"
dependencies = [
    "colorama; platform_system == \"Windows\"",
]
files = [
    {file = "click-8.1.3-py3-none-any.whl", hash = "sha256:bb4d8133cb15a609f44e8213d9b391b0809795062913b383c62be0ee95b1db48"},
    {file = "click-8.1.3.tar.gz", hash = "sha256:7682dc8afb30297001674575ea00d1814d808d6a36af415a82bd481d37ba7b8e"},
]

[[package]]
name = "colorama"
version = "0.4.6"
requires_python = "!=3.0.*,!=3.1.*,!=3.2.*,!=3.3.*,!=3.4.*,!=3.5.*,!=3.6.*,>=2.7"
summary = "Cross-platform colored terminal text."
files = [
    {file = "colorama-0.4.6-py2.py3-none-any.whl", hash = "sha256:4f1d9991f5acc0ca119f9d443620b77f9d6b33703e51011c16baf57afb285fc6"},
    {file = "colorama-0.4.6.tar.gz", hash = "sha256:08695f5cb7ed6e0531a20572697297273c47b8cae5a63ffc6d6ed5c201be6e44"},
]

[[package]]
name = "coverage"
version = "7.2.5"
requires_python = ">=3.7"
summary = "Code coverage measurement for Python"
files = [
    {file = "coverage-7.2.5-cp310-cp310-macosx_10_9_x86_64.whl", hash = "sha256:883123d0bbe1c136f76b56276074b0c79b5817dd4238097ffa64ac67257f4b6c"},
    {file = "coverage-7.2.5-cp310-cp310-macosx_11_0_arm64.whl", hash = "sha256:d2fbc2a127e857d2f8898aaabcc34c37771bf78a4d5e17d3e1f5c30cd0cbc62a"},
    {file = "coverage-7.2.5-cp310-cp310-manylinux_2_17_aarch64.manylinux2014_aarch64.whl", hash = "sha256:5f3671662dc4b422b15776cdca89c041a6349b4864a43aa2350b6b0b03bbcc7f"},
    {file = "coverage-7.2.5-cp310-cp310-manylinux_2_5_i686.manylinux1_i686.manylinux_2_17_i686.manylinux2014_i686.whl", hash = "sha256:780551e47d62095e088f251f5db428473c26db7829884323e56d9c0c3118791a"},
    {file = "coverage-7.2.5-cp310-cp310-manylinux_2_5_x86_64.manylinux1_x86_64.manylinux_2_17_x86_64.manylinux2014_x86_64.whl", hash = "sha256:066b44897c493e0dcbc9e6a6d9f8bbb6607ef82367cf6810d387c09f0cd4fe9a"},
    {file = "coverage-7.2.5-cp310-cp310-musllinux_1_1_aarch64.whl", hash = "sha256:b9a4ee55174b04f6af539218f9f8083140f61a46eabcaa4234f3c2a452c4ed11"},
    {file = "coverage-7.2.5-cp310-cp310-musllinux_1_1_i686.whl", hash = "sha256:706ec567267c96717ab9363904d846ec009a48d5f832140b6ad08aad3791b1f5"},
    {file = "coverage-7.2.5-cp310-cp310-musllinux_1_1_x86_64.whl", hash = "sha256:ae453f655640157d76209f42c62c64c4d4f2c7f97256d3567e3b439bd5c9b06c"},
    {file = "coverage-7.2.5-cp310-cp310-win32.whl", hash = "sha256:f81c9b4bd8aa747d417407a7f6f0b1469a43b36a85748145e144ac4e8d303cb5"},
    {file = "coverage-7.2.5-cp310-cp310-win_amd64.whl", hash = "sha256:dc945064a8783b86fcce9a0a705abd7db2117d95e340df8a4333f00be5efb64c"},
    {file = "coverage-7.2.5-cp311-cp311-macosx_10_9_x86_64.whl", hash = "sha256:40cc0f91c6cde033da493227797be2826cbf8f388eaa36a0271a97a332bfd7ce"},
    {file = "coverage-7.2.5-cp311-cp311-macosx_11_0_arm64.whl", hash = "sha256:a66e055254a26c82aead7ff420d9fa8dc2da10c82679ea850d8feebf11074d88"},
    {file = "coverage-7.2.5-cp311-cp311-manylinux_2_17_aarch64.manylinux2014_aarch64.whl", hash = "sha256:c10fbc8a64aa0f3ed136b0b086b6b577bc64d67d5581acd7cc129af52654384e"},
    {file = "coverage-7.2.5-cp311-cp311-manylinux_2_5_i686.manylinux1_i686.manylinux_2_17_i686.manylinux2014_i686.whl", hash = "sha256:9a22cbb5ede6fade0482111fa7f01115ff04039795d7092ed0db43522431b4f2"},
    {file = "coverage-7.2.5-cp311-cp311-manylinux_2_5_x86_64.manylinux1_x86_64.manylinux_2_17_x86_64.manylinux2014_x86_64.whl", hash = "sha256:292300f76440651529b8ceec283a9370532f4ecba9ad67d120617021bb5ef139"},
    {file = "coverage-7.2.5-cp311-cp311-musllinux_1_1_aarch64.whl", hash = "sha256:7ff8f3fb38233035028dbc93715551d81eadc110199e14bbbfa01c5c4a43f8d8"},
    {file = "coverage-7.2.5-cp311-cp311-musllinux_1_1_i686.whl", hash = "sha256:a08c7401d0b24e8c2982f4e307124b671c6736d40d1c39e09d7a8687bddf83ed"},
    {file = "coverage-7.2.5-cp311-cp311-musllinux_1_1_x86_64.whl", hash = "sha256:ef9659d1cda9ce9ac9585c045aaa1e59223b143f2407db0eaee0b61a4f266fb6"},
    {file = "coverage-7.2.5-cp311-cp311-win32.whl", hash = "sha256:30dcaf05adfa69c2a7b9f7dfd9f60bc8e36b282d7ed25c308ef9e114de7fc23b"},
    {file = "coverage-7.2.5-cp311-cp311-win_amd64.whl", hash = "sha256:97072cc90f1009386c8a5b7de9d4fc1a9f91ba5ef2146c55c1f005e7b5c5e068"},
    {file = "coverage-7.2.5-cp37-cp37m-macosx_10_9_x86_64.whl", hash = "sha256:bebea5f5ed41f618797ce3ffb4606c64a5de92e9c3f26d26c2e0aae292f015c1"},
    {file = "coverage-7.2.5-cp37-cp37m-manylinux_2_17_aarch64.manylinux2014_aarch64.whl", hash = "sha256:828189fcdda99aae0d6bf718ea766b2e715eabc1868670a0a07bf8404bf58c33"},
    {file = "coverage-7.2.5-cp37-cp37m-manylinux_2_5_i686.manylinux1_i686.manylinux_2_17_i686.manylinux2014_i686.whl", hash = "sha256:6e8a95f243d01ba572341c52f89f3acb98a3b6d1d5d830efba86033dd3687ade"},
    {file = "coverage-7.2.5-cp37-cp37m-manylinux_2_5_x86_64.manylinux1_x86_64.manylinux_2_17_x86_64.manylinux2014_x86_64.whl", hash = "sha256:e8834e5f17d89e05697c3c043d3e58a8b19682bf365048837383abfe39adaed5"},
    {file = "coverage-7.2.5-cp37-cp37m-musllinux_1_1_aarch64.whl", hash = "sha256:d1f25ee9de21a39b3a8516f2c5feb8de248f17da7eead089c2e04aa097936b47"},
    {file = "coverage-7.2.5-cp37-cp37m-musllinux_1_1_i686.whl", hash = "sha256:1637253b11a18f453e34013c665d8bf15904c9e3c44fbda34c643fbdc9d452cd"},
    {file = "coverage-7.2.5-cp37-cp37m-musllinux_1_1_x86_64.whl", hash = "sha256:8e575a59315a91ccd00c7757127f6b2488c2f914096077c745c2f1ba5b8c0969"},
    {file = "coverage-7.2.5-cp37-cp37m-win32.whl", hash = "sha256:509ecd8334c380000d259dc66feb191dd0a93b21f2453faa75f7f9cdcefc0718"},
    {file = "coverage-7.2.5-cp37-cp37m-win_amd64.whl", hash = "sha256:12580845917b1e59f8a1c2ffa6af6d0908cb39220f3019e36c110c943dc875b0"},
    {file = "coverage-7.2.5-cp38-cp38-macosx_10_9_x86_64.whl", hash = "sha256:b5016e331b75310610c2cf955d9f58a9749943ed5f7b8cfc0bb89c6134ab0a84"},
    {file = "coverage-7.2.5-cp38-cp38-macosx_11_0_arm64.whl", hash = "sha256:373ea34dca98f2fdb3e5cb33d83b6d801007a8074f992b80311fc589d3e6b790"},
    {file = "coverage-7.2.5-cp38-cp38-manylinux_2_17_aarch64.manylinux2014_aarch64.whl", hash = "sha256:a063aad9f7b4c9f9da7b2550eae0a582ffc7623dca1c925e50c3fbde7a579771"},
    {file = "coverage-7.2.5-cp38-cp38-manylinux_2_5_i686.manylinux1_i686.manylinux_2_17_i686.manylinux2014_i686.whl", hash = "sha256:38c0a497a000d50491055805313ed83ddba069353d102ece8aef5d11b5faf045"},
    {file = "coverage-7.2.5-cp38-cp38-manylinux_2_5_x86_64.manylinux1_x86_64.manylinux_2_17_x86_64.manylinux2014_x86_64.whl", hash = "sha256:a2b3b05e22a77bb0ae1a3125126a4e08535961c946b62f30985535ed40e26614"},
    {file = "coverage-7.2.5-cp38-cp38-musllinux_1_1_aarch64.whl", hash = "sha256:0342a28617e63ad15d96dca0f7ae9479a37b7d8a295f749c14f3436ea59fdcb3"},
    {file = "coverage-7.2.5-cp38-cp38-musllinux_1_1_i686.whl", hash = "sha256:cf97ed82ca986e5c637ea286ba2793c85325b30f869bf64d3009ccc1a31ae3fd"},
    {file = "coverage-7.2.5-cp38-cp38-musllinux_1_1_x86_64.whl", hash = "sha256:c2c41c1b1866b670573657d584de413df701f482574bad7e28214a2362cb1fd1"},
    {file = "coverage-7.2.5-cp38-cp38-win32.whl", hash = "sha256:10b15394c13544fce02382360cab54e51a9e0fd1bd61ae9ce012c0d1e103c813"},
    {file = "coverage-7.2.5-cp38-cp38-win_amd64.whl", hash = "sha256:a0b273fe6dc655b110e8dc89b8ec7f1a778d78c9fd9b4bda7c384c8906072212"},
    {file = "coverage-7.2.5-cp39-cp39-macosx_10_9_x86_64.whl", hash = "sha256:5c587f52c81211d4530fa6857884d37f514bcf9453bdeee0ff93eaaf906a5c1b"},
    {file = "coverage-7.2.5-cp39-cp39-macosx_11_0_arm64.whl", hash = "sha256:4436cc9ba5414c2c998eaedee5343f49c02ca93b21769c5fdfa4f9d799e84200"},
    {file = "coverage-7.2.5-cp39-cp39-manylinux_2_17_aarch64.manylinux2014_aarch64.whl", hash = "sha256:6599bf92f33ab041e36e06d25890afbdf12078aacfe1f1d08c713906e49a3fe5"},
    {file = "coverage-7.2.5-cp39-cp39-manylinux_2_5_i686.manylinux1_i686.manylinux_2_17_i686.manylinux2014_i686.whl", hash = "sha256:857abe2fa6a4973f8663e039ead8d22215d31db613ace76e4a98f52ec919068e"},
    {file = "coverage-7.2.5-cp39-cp39-manylinux_2_5_x86_64.manylinux1_x86_64.manylinux_2_17_x86_64.manylinux2014_x86_64.whl", hash = "sha256:f6f5cab2d7f0c12f8187a376cc6582c477d2df91d63f75341307fcdcb5d60303"},
    {file = "coverage-7.2.5-cp39-cp39-musllinux_1_1_aarch64.whl", hash = "sha256:aa387bd7489f3e1787ff82068b295bcaafbf6f79c3dad3cbc82ef88ce3f48ad3"},
    {file = "coverage-7.2.5-cp39-cp39-musllinux_1_1_i686.whl", hash = "sha256:156192e5fd3dbbcb11cd777cc469cf010a294f4c736a2b2c891c77618cb1379a"},
    {file = "coverage-7.2.5-cp39-cp39-musllinux_1_1_x86_64.whl", hash = "sha256:bd3b4b8175c1db502adf209d06136c000df4d245105c8839e9d0be71c94aefe1"},
    {file = "coverage-7.2.5-cp39-cp39-win32.whl", hash = "sha256:ddc5a54edb653e9e215f75de377354e2455376f416c4378e1d43b08ec50acc31"},
    {file = "coverage-7.2.5-cp39-cp39-win_amd64.whl", hash = "sha256:338aa9d9883aaaad53695cb14ccdeb36d4060485bb9388446330bef9c361c252"},
    {file = "coverage-7.2.5-pp37.pp38.pp39-none-any.whl", hash = "sha256:8877d9b437b35a85c18e3c6499b23674684bf690f5d96c1006a1ef61f9fdf0f3"},
    {file = "coverage-7.2.5.tar.gz", hash = "sha256:f99ef080288f09ffc687423b8d60978cf3a465d3f404a18d1a05474bd8575a47"},
]

[[package]]
name = "coverage"
version = "7.2.5"
extras = ["toml"]
requires_python = ">=3.7"
summary = "Code coverage measurement for Python"
dependencies = [
    "coverage==7.2.5",
    "tomli; python_full_version <= \"3.11.0a6\"",
]
files = [
    {file = "coverage-7.2.5-cp310-cp310-macosx_10_9_x86_64.whl", hash = "sha256:883123d0bbe1c136f76b56276074b0c79b5817dd4238097ffa64ac67257f4b6c"},
    {file = "coverage-7.2.5-cp310-cp310-macosx_11_0_arm64.whl", hash = "sha256:d2fbc2a127e857d2f8898aaabcc34c37771bf78a4d5e17d3e1f5c30cd0cbc62a"},
    {file = "coverage-7.2.5-cp310-cp310-manylinux_2_17_aarch64.manylinux2014_aarch64.whl", hash = "sha256:5f3671662dc4b422b15776cdca89c041a6349b4864a43aa2350b6b0b03bbcc7f"},
    {file = "coverage-7.2.5-cp310-cp310-manylinux_2_5_i686.manylinux1_i686.manylinux_2_17_i686.manylinux2014_i686.whl", hash = "sha256:780551e47d62095e088f251f5db428473c26db7829884323e56d9c0c3118791a"},
    {file = "coverage-7.2.5-cp310-cp310-manylinux_2_5_x86_64.manylinux1_x86_64.manylinux_2_17_x86_64.manylinux2014_x86_64.whl", hash = "sha256:066b44897c493e0dcbc9e6a6d9f8bbb6607ef82367cf6810d387c09f0cd4fe9a"},
    {file = "coverage-7.2.5-cp310-cp310-musllinux_1_1_aarch64.whl", hash = "sha256:b9a4ee55174b04f6af539218f9f8083140f61a46eabcaa4234f3c2a452c4ed11"},
    {file = "coverage-7.2.5-cp310-cp310-musllinux_1_1_i686.whl", hash = "sha256:706ec567267c96717ab9363904d846ec009a48d5f832140b6ad08aad3791b1f5"},
    {file = "coverage-7.2.5-cp310-cp310-musllinux_1_1_x86_64.whl", hash = "sha256:ae453f655640157d76209f42c62c64c4d4f2c7f97256d3567e3b439bd5c9b06c"},
    {file = "coverage-7.2.5-cp310-cp310-win32.whl", hash = "sha256:f81c9b4bd8aa747d417407a7f6f0b1469a43b36a85748145e144ac4e8d303cb5"},
    {file = "coverage-7.2.5-cp310-cp310-win_amd64.whl", hash = "sha256:dc945064a8783b86fcce9a0a705abd7db2117d95e340df8a4333f00be5efb64c"},
    {file = "coverage-7.2.5-cp311-cp311-macosx_10_9_x86_64.whl", hash = "sha256:40cc0f91c6cde033da493227797be2826cbf8f388eaa36a0271a97a332bfd7ce"},
    {file = "coverage-7.2.5-cp311-cp311-macosx_11_0_arm64.whl", hash = "sha256:a66e055254a26c82aead7ff420d9fa8dc2da10c82679ea850d8feebf11074d88"},
    {file = "coverage-7.2.5-cp311-cp311-manylinux_2_17_aarch64.manylinux2014_aarch64.whl", hash = "sha256:c10fbc8a64aa0f3ed136b0b086b6b577bc64d67d5581acd7cc129af52654384e"},
    {file = "coverage-7.2.5-cp311-cp311-manylinux_2_5_i686.manylinux1_i686.manylinux_2_17_i686.manylinux2014_i686.whl", hash = "sha256:9a22cbb5ede6fade0482111fa7f01115ff04039795d7092ed0db43522431b4f2"},
    {file = "coverage-7.2.5-cp311-cp311-manylinux_2_5_x86_64.manylinux1_x86_64.manylinux_2_17_x86_64.manylinux2014_x86_64.whl", hash = "sha256:292300f76440651529b8ceec283a9370532f4ecba9ad67d120617021bb5ef139"},
    {file = "coverage-7.2.5-cp311-cp311-musllinux_1_1_aarch64.whl", hash = "sha256:7ff8f3fb38233035028dbc93715551d81eadc110199e14bbbfa01c5c4a43f8d8"},
    {file = "coverage-7.2.5-cp311-cp311-musllinux_1_1_i686.whl", hash = "sha256:a08c7401d0b24e8c2982f4e307124b671c6736d40d1c39e09d7a8687bddf83ed"},
    {file = "coverage-7.2.5-cp311-cp311-musllinux_1_1_x86_64.whl", hash = "sha256:ef9659d1cda9ce9ac9585c045aaa1e59223b143f2407db0eaee0b61a4f266fb6"},
    {file = "coverage-7.2.5-cp311-cp311-win32.whl", hash = "sha256:30dcaf05adfa69c2a7b9f7dfd9f60bc8e36b282d7ed25c308ef9e114de7fc23b"},
    {file = "coverage-7.2.5-cp311-cp311-win_amd64.whl", hash = "sha256:97072cc90f1009386c8a5b7de9d4fc1a9f91ba5ef2146c55c1f005e7b5c5e068"},
    {file = "coverage-7.2.5-cp37-cp37m-macosx_10_9_x86_64.whl", hash = "sha256:bebea5f5ed41f618797ce3ffb4606c64a5de92e9c3f26d26c2e0aae292f015c1"},
    {file = "coverage-7.2.5-cp37-cp37m-manylinux_2_17_aarch64.manylinux2014_aarch64.whl", hash = "sha256:828189fcdda99aae0d6bf718ea766b2e715eabc1868670a0a07bf8404bf58c33"},
    {file = "coverage-7.2.5-cp37-cp37m-manylinux_2_5_i686.manylinux1_i686.manylinux_2_17_i686.manylinux2014_i686.whl", hash = "sha256:6e8a95f243d01ba572341c52f89f3acb98a3b6d1d5d830efba86033dd3687ade"},
    {file = "coverage-7.2.5-cp37-cp37m-manylinux_2_5_x86_64.manylinux1_x86_64.manylinux_2_17_x86_64.manylinux2014_x86_64.whl", hash = "sha256:e8834e5f17d89e05697c3c043d3e58a8b19682bf365048837383abfe39adaed5"},
    {file = "coverage-7.2.5-cp37-cp37m-musllinux_1_1_aarch64.whl", hash = "sha256:d1f25ee9de21a39b3a8516f2c5feb8de248f17da7eead089c2e04aa097936b47"},
    {file = "coverage-7.2.5-cp37-cp37m-musllinux_1_1_i686.whl", hash = "sha256:1637253b11a18f453e34013c665d8bf15904c9e3c44fbda34c643fbdc9d452cd"},
    {file = "coverage-7.2.5-cp37-cp37m-musllinux_1_1_x86_64.whl", hash = "sha256:8e575a59315a91ccd00c7757127f6b2488c2f914096077c745c2f1ba5b8c0969"},
    {file = "coverage-7.2.5-cp37-cp37m-win32.whl", hash = "sha256:509ecd8334c380000d259dc66feb191dd0a93b21f2453faa75f7f9cdcefc0718"},
    {file = "coverage-7.2.5-cp37-cp37m-win_amd64.whl", hash = "sha256:12580845917b1e59f8a1c2ffa6af6d0908cb39220f3019e36c110c943dc875b0"},
    {file = "coverage-7.2.5-cp38-cp38-macosx_10_9_x86_64.whl", hash = "sha256:b5016e331b75310610c2cf955d9f58a9749943ed5f7b8cfc0bb89c6134ab0a84"},
    {file = "coverage-7.2.5-cp38-cp38-macosx_11_0_arm64.whl", hash = "sha256:373ea34dca98f2fdb3e5cb33d83b6d801007a8074f992b80311fc589d3e6b790"},
    {file = "coverage-7.2.5-cp38-cp38-manylinux_2_17_aarch64.manylinux2014_aarch64.whl", hash = "sha256:a063aad9f7b4c9f9da7b2550eae0a582ffc7623dca1c925e50c3fbde7a579771"},
    {file = "coverage-7.2.5-cp38-cp38-manylinux_2_5_i686.manylinux1_i686.manylinux_2_17_i686.manylinux2014_i686.whl", hash = "sha256:38c0a497a000d50491055805313ed83ddba069353d102ece8aef5d11b5faf045"},
    {file = "coverage-7.2.5-cp38-cp38-manylinux_2_5_x86_64.manylinux1_x86_64.manylinux_2_17_x86_64.manylinux2014_x86_64.whl", hash = "sha256:a2b3b05e22a77bb0ae1a3125126a4e08535961c946b62f30985535ed40e26614"},
    {file = "coverage-7.2.5-cp38-cp38-musllinux_1_1_aarch64.whl", hash = "sha256:0342a28617e63ad15d96dca0f7ae9479a37b7d8a295f749c14f3436ea59fdcb3"},
    {file = "coverage-7.2.5-cp38-cp38-musllinux_1_1_i686.whl", hash = "sha256:cf97ed82ca986e5c637ea286ba2793c85325b30f869bf64d3009ccc1a31ae3fd"},
    {file = "coverage-7.2.5-cp38-cp38-musllinux_1_1_x86_64.whl", hash = "sha256:c2c41c1b1866b670573657d584de413df701f482574bad7e28214a2362cb1fd1"},
    {file = "coverage-7.2.5-cp38-cp38-win32.whl", hash = "sha256:10b15394c13544fce02382360cab54e51a9e0fd1bd61ae9ce012c0d1e103c813"},
    {file = "coverage-7.2.5-cp38-cp38-win_amd64.whl", hash = "sha256:a0b273fe6dc655b110e8dc89b8ec7f1a778d78c9fd9b4bda7c384c8906072212"},
    {file = "coverage-7.2.5-cp39-cp39-macosx_10_9_x86_64.whl", hash = "sha256:5c587f52c81211d4530fa6857884d37f514bcf9453bdeee0ff93eaaf906a5c1b"},
    {file = "coverage-7.2.5-cp39-cp39-macosx_11_0_arm64.whl", hash = "sha256:4436cc9ba5414c2c998eaedee5343f49c02ca93b21769c5fdfa4f9d799e84200"},
    {file = "coverage-7.2.5-cp39-cp39-manylinux_2_17_aarch64.manylinux2014_aarch64.whl", hash = "sha256:6599bf92f33ab041e36e06d25890afbdf12078aacfe1f1d08c713906e49a3fe5"},
    {file = "coverage-7.2.5-cp39-cp39-manylinux_2_5_i686.manylinux1_i686.manylinux_2_17_i686.manylinux2014_i686.whl", hash = "sha256:857abe2fa6a4973f8663e039ead8d22215d31db613ace76e4a98f52ec919068e"},
    {file = "coverage-7.2.5-cp39-cp39-manylinux_2_5_x86_64.manylinux1_x86_64.manylinux_2_17_x86_64.manylinux2014_x86_64.whl", hash = "sha256:f6f5cab2d7f0c12f8187a376cc6582c477d2df91d63f75341307fcdcb5d60303"},
    {file = "coverage-7.2.5-cp39-cp39-musllinux_1_1_aarch64.whl", hash = "sha256:aa387bd7489f3e1787ff82068b295bcaafbf6f79c3dad3cbc82ef88ce3f48ad3"},
    {file = "coverage-7.2.5-cp39-cp39-musllinux_1_1_i686.whl", hash = "sha256:156192e5fd3dbbcb11cd777cc469cf010a294f4c736a2b2c891c77618cb1379a"},
    {file = "coverage-7.2.5-cp39-cp39-musllinux_1_1_x86_64.whl", hash = "sha256:bd3b4b8175c1db502adf209d06136c000df4d245105c8839e9d0be71c94aefe1"},
    {file = "coverage-7.2.5-cp39-cp39-win32.whl", hash = "sha256:ddc5a54edb653e9e215f75de377354e2455376f416c4378e1d43b08ec50acc31"},
    {file = "coverage-7.2.5-cp39-cp39-win_amd64.whl", hash = "sha256:338aa9d9883aaaad53695cb14ccdeb36d4060485bb9388446330bef9c361c252"},
    {file = "coverage-7.2.5-pp37.pp38.pp39-none-any.whl", hash = "sha256:8877d9b437b35a85c18e3c6499b23674684bf690f5d96c1006a1ef61f9fdf0f3"},
    {file = "coverage-7.2.5.tar.gz", hash = "sha256:f99ef080288f09ffc687423b8d60978cf3a465d3f404a18d1a05474bd8575a47"},
]

[[package]]
name = "distlib"
version = "0.3.7"
summary = "Distribution utilities"
files = [
    {file = "distlib-0.3.7-py2.py3-none-any.whl", hash = "sha256:2e24928bc811348f0feb63014e97aaae3037f2cf48712d51ae61df7fd6075057"},
    {file = "distlib-0.3.7.tar.gz", hash = "sha256:9dafe54b34a028eafd95039d5e5d4851a13734540f1331060d31c9916e7147a8"},
]

[[package]]
name = "exceptiongroup"
version = "1.1.1"
requires_python = ">=3.7"
summary = "Backport of PEP 654 (exception groups)"
files = [
    {file = "exceptiongroup-1.1.1-py3-none-any.whl", hash = "sha256:232c37c63e4f682982c8b6459f33a8981039e5fb8756b2074364e5055c498c9e"},
    {file = "exceptiongroup-1.1.1.tar.gz", hash = "sha256:d484c3090ba2889ae2928419117447a14daf3c1231d5e30d0aae34f354f01785"},
]

[[package]]
name = "filelock"
version = "3.13.1"
requires_python = ">=3.8"
summary = "A platform independent file lock."
files = [
    {file = "filelock-3.13.1-py3-none-any.whl", hash = "sha256:57dbda9b35157b05fb3e58ee91448612eb674172fab98ee235ccb0b5bee19a1c"},
    {file = "filelock-3.13.1.tar.gz", hash = "sha256:521f5f56c50f8426f5e03ad3b281b490a87ef15bc6c526f168290f0c7148d44e"},
]

[[package]]
name = "h11"
version = "0.14.0"
requires_python = ">=3.7"
summary = "A pure-Python, bring-your-own-I/O implementation of HTTP/1.1"
files = [
    {file = "h11-0.14.0-py3-none-any.whl", hash = "sha256:e3fe4ac4b851c468cc8363d500db52c2ead036020723024a109d37346efaa761"},
    {file = "h11-0.14.0.tar.gz", hash = "sha256:8f19fbbe99e72420ff35c00b27a34cb9937e902a8b810e2c88300c6f0a3b699d"},
]

[[package]]
name = "httpcore"
version = "1.0.2"
requires_python = ">=3.8"
summary = "A minimal low-level HTTP client."
dependencies = [
    "certifi",
    "h11<0.15,>=0.13",
]
files = [
    {file = "httpcore-1.0.2-py3-none-any.whl", hash = "sha256:096cc05bca73b8e459a1fc3dcf585148f63e534eae4339559c9b8a8d6399acc7"},
    {file = "httpcore-1.0.2.tar.gz", hash = "sha256:9fc092e4799b26174648e54b74ed5f683132a464e95643b226e00c2ed2fa6535"},
]

[[package]]
name = "httpx"
version = "0.27.0"
requires_python = ">=3.8"
summary = "The next generation HTTP client."
dependencies = [
    "anyio",
    "certifi",
    "httpcore==1.*",
    "idna",
    "sniffio",
]
files = [
    {file = "httpx-0.27.0-py3-none-any.whl", hash = "sha256:71d5465162c13681bff01ad59b2cc68dd838ea1f10e51574bac27103f00c91a5"},
    {file = "httpx-0.27.0.tar.gz", hash = "sha256:a0cb88a46f32dc874e04ee956e4c2764aba2aa228f650b06788ba6bda2962ab5"},
]

[[package]]
name = "idna"
version = "3.4"
requires_python = ">=3.5"
summary = "Internationalized Domain Names in Applications (IDNA)"
files = [
    {file = "idna-3.4-py3-none-any.whl", hash = "sha256:90b77e79eaa3eba6de819a0c442c0b4ceefc341a7a2ab77d7562bf49f425c5c2"},
    {file = "idna-3.4.tar.gz", hash = "sha256:814f528e8dead7d329833b91c5faa87d60bf71824cd12a7530b5526063d02cb4"},
]

[[package]]
name = "iniconfig"
version = "2.0.0"
requires_python = ">=3.7"
summary = "brain-dead simple config-ini parsing"
files = [
    {file = "iniconfig-2.0.0-py3-none-any.whl", hash = "sha256:b6a85871a79d2e3b22d2d1b94ac2824226a63c6b741c88f7ae975f18b6778374"},
    {file = "iniconfig-2.0.0.tar.gz", hash = "sha256:2d91e135bf72d31a410b17c16da610a82cb55f6b0477d1a902134b24a455b8b3"},
]

[[package]]
name = "markdown-it-py"
version = "2.2.0"
requires_python = ">=3.7"
summary = "Python port of markdown-it. Markdown parsing, done right!"
dependencies = [
    "mdurl~=0.1",
]
files = [
    {file = "markdown-it-py-2.2.0.tar.gz", hash = "sha256:7c9a5e412688bc771c67432cbfebcdd686c93ce6484913dccf06cb5a0bea35a1"},
    {file = "markdown_it_py-2.2.0-py3-none-any.whl", hash = "sha256:5a35f8d1870171d9acc47b99612dc146129b631baf04970128b568f190d0cc30"},
]

[[package]]
name = "mdurl"
version = "0.1.2"
requires_python = ">=3.7"
summary = "Markdown URL utilities"
files = [
    {file = "mdurl-0.1.2-py3-none-any.whl", hash = "sha256:84008a41e51615a49fc9966191ff91509e3c40b939176e643fd50a5c2196b8f8"},
    {file = "mdurl-0.1.2.tar.gz", hash = "sha256:bb413d29f5eea38f31dd4754dd7377d4465116fb207585f97bf925588687c1ba"},
]

[[package]]
name = "packaging"
version = "23.2"
requires_python = ">=3.7"
summary = "Core utilities for Python packages"
files = [
    {file = "packaging-23.2-py3-none-any.whl", hash = "sha256:8c491190033a9af7e1d931d0b5dacc2ef47509b34dd0de67ed209b5203fc88c7"},
    {file = "packaging-23.2.tar.gz", hash = "sha256:048fb0e9405036518eaaf48a55953c750c11e1a1b68e0dd1a9d62ed0c092cfc5"},
]

[[package]]
name = "pbr"
version = "5.11.1"
requires_python = ">=2.6"
summary = "Python Build Reasonableness"
files = [
    {file = "pbr-5.11.1-py2.py3-none-any.whl", hash = "sha256:567f09558bae2b3ab53cb3c1e2e33e726ff3338e7bae3db5dc954b3a44eef12b"},
    {file = "pbr-5.11.1.tar.gz", hash = "sha256:aefc51675b0b533d56bb5fd1c8c6c0522fe31896679882e1c4c63d5e4a0fccb3"},
]

[[package]]
name = "platformdirs"
version = "4.2.0"
requires_python = ">=3.8"
summary = "A small Python package for determining appropriate platform-specific dirs, e.g. a \"user data dir\"."
files = [
    {file = "platformdirs-4.2.0-py3-none-any.whl", hash = "sha256:0614df2a2f37e1a662acbd8e2b25b92ccf8632929bc6d43467e17fe89c75e068"},
    {file = "platformdirs-4.2.0.tar.gz", hash = "sha256:ef0cc731df711022c174543cb70a9b5bd22e5a9337c8624ef2c2ceb8ddad8768"},
]

[[package]]
name = "pluggy"
version = "1.4.0"
requires_python = ">=3.8"
summary = "plugin and hook calling mechanisms for python"
files = [
    {file = "pluggy-1.4.0-py3-none-any.whl", hash = "sha256:7db9f7b503d67d1c5b95f59773ebb58a8c1c288129a88665838012cfb07b8981"},
    {file = "pluggy-1.4.0.tar.gz", hash = "sha256:8c85c2876142a764e5b7548e7d9a0e0ddb46f5185161049a79b7e974454223be"},
]

[[package]]
name = "pygments"
version = "2.15.1"
requires_python = ">=3.7"
summary = "Pygments is a syntax highlighting package written in Python."
files = [
    {file = "Pygments-2.15.1-py3-none-any.whl", hash = "sha256:db2db3deb4b4179f399a09054b023b6a586b76499d36965813c71aa8ed7b5fd1"},
    {file = "Pygments-2.15.1.tar.gz", hash = "sha256:8ace4d3c1dd481894b2005f560ead0f9f19ee64fe983366be1a21e171d12775c"},
]

[[package]]
name = "pyproject-api"
version = "1.6.1"
requires_python = ">=3.8"
summary = "API to interact with the python pyproject.toml based projects"
dependencies = [
    "packaging>=23.1",
    "tomli>=2.0.1; python_version < \"3.11\"",
]
files = [
    {file = "pyproject_api-1.6.1-py3-none-any.whl", hash = "sha256:4c0116d60476b0786c88692cf4e325a9814965e2469c5998b830bba16b183675"},
    {file = "pyproject_api-1.6.1.tar.gz", hash = "sha256:1817dc018adc0d1ff9ca1ed8c60e1623d5aaca40814b953af14a9cf9a5cae538"},
]

[[package]]
name = "pytest"
version = "8.1.1"
requires_python = ">=3.8"
summary = "pytest: simple powerful testing with Python"
dependencies = [
    "colorama; sys_platform == \"win32\"",
    "exceptiongroup>=1.0.0rc8; python_version < \"3.11\"",
    "iniconfig",
    "packaging",
    "pluggy<2.0,>=1.4",
    "tomli>=1; python_version < \"3.11\"",
]
files = [
    {file = "pytest-8.1.1-py3-none-any.whl", hash = "sha256:2a8386cfc11fa9d2c50ee7b2a57e7d898ef90470a7a34c4b949ff59662bb78b7"},
    {file = "pytest-8.1.1.tar.gz", hash = "sha256:ac978141a75948948817d360297b7aae0fcb9d6ff6bc9ec6d514b85d5a65c044"},
]

[[package]]
name = "pytest-cov"
version = "4.1.0"
requires_python = ">=3.7"
summary = "Pytest plugin for measuring coverage."
dependencies = [
    "coverage[toml]>=5.2.1",
    "pytest>=4.6",
]
files = [
    {file = "pytest-cov-4.1.0.tar.gz", hash = "sha256:3904b13dfbfec47f003b8e77fd5b589cd11904a21ddf1ab38a64f204d6a10ef6"},
    {file = "pytest_cov-4.1.0-py3-none-any.whl", hash = "sha256:6ba70b9e97e69fcc3fb45bfeab2d0a138fb65c4d0d6a41ef33983ad114be8c3a"},
]

[[package]]
name = "pyyaml"
version = "6.0.1"
requires_python = ">=3.6"
summary = "YAML parser and emitter for Python"
files = [
    {file = "PyYAML-6.0.1-cp310-cp310-macosx_10_9_x86_64.whl", hash = "sha256:d858aa552c999bc8a8d57426ed01e40bef403cd8ccdd0fc5f6f04a00414cac2a"},
    {file = "PyYAML-6.0.1-cp310-cp310-macosx_11_0_arm64.whl", hash = "sha256:fd66fc5d0da6d9815ba2cebeb4205f95818ff4b79c3ebe268e75d961704af52f"},
    {file = "PyYAML-6.0.1-cp310-cp310-manylinux_2_17_aarch64.manylinux2014_aarch64.whl", hash = "sha256:69b023b2b4daa7548bcfbd4aa3da05b3a74b772db9e23b982788168117739938"},
    {file = "PyYAML-6.0.1-cp310-cp310-manylinux_2_17_s390x.manylinux2014_s390x.whl", hash = "sha256:81e0b275a9ecc9c0c0c07b4b90ba548307583c125f54d5b6946cfee6360c733d"},
    {file = "PyYAML-6.0.1-cp310-cp310-manylinux_2_17_x86_64.manylinux2014_x86_64.whl", hash = "sha256:ba336e390cd8e4d1739f42dfe9bb83a3cc2e80f567d8805e11b46f4a943f5515"},
    {file = "PyYAML-6.0.1-cp310-cp310-musllinux_1_1_x86_64.whl", hash = "sha256:326c013efe8048858a6d312ddd31d56e468118ad4cdeda36c719bf5bb6192290"},
    {file = "PyYAML-6.0.1-cp310-cp310-win32.whl", hash = "sha256:bd4af7373a854424dabd882decdc5579653d7868b8fb26dc7d0e99f823aa5924"},
    {file = "PyYAML-6.0.1-cp310-cp310-win_amd64.whl", hash = "sha256:fd1592b3fdf65fff2ad0004b5e363300ef59ced41c2e6b3a99d4089fa8c5435d"},
    {file = "PyYAML-6.0.1-cp311-cp311-macosx_10_9_x86_64.whl", hash = "sha256:6965a7bc3cf88e5a1c3bd2e0b5c22f8d677dc88a455344035f03399034eb3007"},
    {file = "PyYAML-6.0.1-cp311-cp311-macosx_11_0_arm64.whl", hash = "sha256:f003ed9ad21d6a4713f0a9b5a7a0a79e08dd0f221aff4525a2be4c346ee60aab"},
    {file = "PyYAML-6.0.1-cp311-cp311-manylinux_2_17_aarch64.manylinux2014_aarch64.whl", hash = "sha256:42f8152b8dbc4fe7d96729ec2b99c7097d656dc1213a3229ca5383f973a5ed6d"},
    {file = "PyYAML-6.0.1-cp311-cp311-manylinux_2_17_s390x.manylinux2014_s390x.whl", hash = "sha256:062582fca9fabdd2c8b54a3ef1c978d786e0f6b3a1510e0ac93ef59e0ddae2bc"},
    {file = "PyYAML-6.0.1-cp311-cp311-manylinux_2_17_x86_64.manylinux2014_x86_64.whl", hash = "sha256:d2b04aac4d386b172d5b9692e2d2da8de7bfb6c387fa4f801fbf6fb2e6ba4673"},
    {file = "PyYAML-6.0.1-cp311-cp311-musllinux_1_1_x86_64.whl", hash = "sha256:e7d73685e87afe9f3b36c799222440d6cf362062f78be1013661b00c5c6f678b"},
    {file = "PyYAML-6.0.1-cp311-cp311-win32.whl", hash = "sha256:1635fd110e8d85d55237ab316b5b011de701ea0f29d07611174a1b42f1444741"},
    {file = "PyYAML-6.0.1-cp311-cp311-win_amd64.whl", hash = "sha256:bf07ee2fef7014951eeb99f56f39c9bb4af143d8aa3c21b1677805985307da34"},
    {file = "PyYAML-6.0.1-cp312-cp312-macosx_10_9_x86_64.whl", hash = "sha256:855fb52b0dc35af121542a76b9a84f8d1cd886ea97c84703eaa6d88e37a2ad28"},
    {file = "PyYAML-6.0.1-cp312-cp312-macosx_11_0_arm64.whl", hash = "sha256:40df9b996c2b73138957fe23a16a4f0ba614f4c0efce1e9406a184b6d07fa3a9"},
    {file = "PyYAML-6.0.1-cp312-cp312-manylinux_2_17_aarch64.manylinux2014_aarch64.whl", hash = "sha256:a08c6f0fe150303c1c6b71ebcd7213c2858041a7e01975da3a99aed1e7a378ef"},
    {file = "PyYAML-6.0.1-cp312-cp312-manylinux_2_17_x86_64.manylinux2014_x86_64.whl", hash = "sha256:6c22bec3fbe2524cde73d7ada88f6566758a8f7227bfbf93a408a9d86bcc12a0"},
    {file = "PyYAML-6.0.1-cp312-cp312-musllinux_1_1_x86_64.whl", hash = "sha256:8d4e9c88387b0f5c7d5f281e55304de64cf7f9c0021a3525bd3b1c542da3b0e4"},
    {file = "PyYAML-6.0.1-cp312-cp312-win32.whl", hash = "sha256:d483d2cdf104e7c9fa60c544d92981f12ad66a457afae824d146093b8c294c54"},
    {file = "PyYAML-6.0.1-cp312-cp312-win_amd64.whl", hash = "sha256:0d3304d8c0adc42be59c5f8a4d9e3d7379e6955ad754aa9d6ab7a398b59dd1df"},
    {file = "PyYAML-6.0.1-cp38-cp38-macosx_10_9_x86_64.whl", hash = "sha256:1d4c7e777c441b20e32f52bd377e0c409713e8bb1386e1099c2415f26e479595"},
    {file = "PyYAML-6.0.1-cp38-cp38-manylinux_2_17_aarch64.manylinux2014_aarch64.whl", hash = "sha256:a0cd17c15d3bb3fa06978b4e8958dcdc6e0174ccea823003a106c7d4d7899ac5"},
    {file = "PyYAML-6.0.1-cp38-cp38-manylinux_2_17_s390x.manylinux2014_s390x.whl", hash = "sha256:28c119d996beec18c05208a8bd78cbe4007878c6dd15091efb73a30e90539696"},
    {file = "PyYAML-6.0.1-cp38-cp38-manylinux_2_17_x86_64.manylinux2014_x86_64.whl", hash = "sha256:7e07cbde391ba96ab58e532ff4803f79c4129397514e1413a7dc761ccd755735"},
    {file = "PyYAML-6.0.1-cp38-cp38-musllinux_1_1_x86_64.whl", hash = "sha256:49a183be227561de579b4a36efbb21b3eab9651dd81b1858589f796549873dd6"},
    {file = "PyYAML-6.0.1-cp38-cp38-win32.whl", hash = "sha256:184c5108a2aca3c5b3d3bf9395d50893a7ab82a38004c8f61c258d4428e80206"},
    {file = "PyYAML-6.0.1-cp38-cp38-win_amd64.whl", hash = "sha256:1e2722cc9fbb45d9b87631ac70924c11d3a401b2d7f410cc0e3bbf249f2dca62"},
    {file = "PyYAML-6.0.1-cp39-cp39-macosx_10_9_x86_64.whl", hash = "sha256:9eb6caa9a297fc2c2fb8862bc5370d0303ddba53ba97e71f08023b6cd73d16a8"},
    {file = "PyYAML-6.0.1-cp39-cp39-macosx_11_0_arm64.whl", hash = "sha256:c8098ddcc2a85b61647b2590f825f3db38891662cfc2fc776415143f599bb859"},
    {file = "PyYAML-6.0.1-cp39-cp39-manylinux_2_17_aarch64.manylinux2014_aarch64.whl", hash = "sha256:5773183b6446b2c99bb77e77595dd486303b4faab2b086e7b17bc6bef28865f6"},
    {file = "PyYAML-6.0.1-cp39-cp39-manylinux_2_17_s390x.manylinux2014_s390x.whl", hash = "sha256:b786eecbdf8499b9ca1d697215862083bd6d2a99965554781d0d8d1ad31e13a0"},
    {file = "PyYAML-6.0.1-cp39-cp39-manylinux_2_17_x86_64.manylinux2014_x86_64.whl", hash = "sha256:bc1bf2925a1ecd43da378f4db9e4f799775d6367bdb94671027b73b393a7c42c"},
    {file = "PyYAML-6.0.1-cp39-cp39-musllinux_1_1_x86_64.whl", hash = "sha256:04ac92ad1925b2cff1db0cfebffb6ffc43457495c9b3c39d3fcae417d7125dc5"},
    {file = "PyYAML-6.0.1-cp39-cp39-win32.whl", hash = "sha256:faca3bdcf85b2fc05d06ff3fbc1f83e1391b3e724afa3feba7d13eeab355484c"},
    {file = "PyYAML-6.0.1-cp39-cp39-win_amd64.whl", hash = "sha256:510c9deebc5c0225e8c96813043e62b680ba2f9c50a08d3724c7f28a747d1486"},
    {file = "PyYAML-6.0.1.tar.gz", hash = "sha256:bfdf460b1736c775f2ba9f6a92bca30bc2095067b8a9d77876d1fad6cc3b4a43"},
]

[[package]]
name = "rich"
version = "13.3.5"
requires_python = ">=3.7.0"
summary = "Render rich text, tables, progress bars, syntax highlighting, markdown and more to the terminal"
dependencies = [
    "markdown-it-py<3.0.0,>=2.2.0",
    "pygments<3.0.0,>=2.13.0",
    "typing-extensions<5.0,>=4.0.0; python_version < \"3.9\"",
]
files = [
    {file = "rich-13.3.5-py3-none-any.whl", hash = "sha256:69cdf53799e63f38b95b9bf9c875f8c90e78dd62b2f00c13a911c7a3b9fa4704"},
    {file = "rich-13.3.5.tar.gz", hash = "sha256:2d11b9b8dd03868f09b4fffadc84a6a8cda574e40dc90821bd845720ebb8e89c"},
]

[[package]]
name = "ruff"
version = "0.3.2"
requires_python = ">=3.7"
summary = "An extremely fast Python linter and code formatter, written in Rust."
files = [
    {file = "ruff-0.3.2-py3-none-macosx_10_12_x86_64.macosx_11_0_arm64.macosx_10_12_universal2.whl", hash = "sha256:77f2612752e25f730da7421ca5e3147b213dca4f9a0f7e0b534e9562c5441f01"},
    {file = "ruff-0.3.2-py3-none-macosx_10_12_x86_64.whl", hash = "sha256:9966b964b2dd1107797be9ca7195002b874424d1d5472097701ae8f43eadef5d"},
    {file = "ruff-0.3.2-py3-none-manylinux_2_17_aarch64.manylinux2014_aarch64.whl", hash = "sha256:b83d17ff166aa0659d1e1deaf9f2f14cbe387293a906de09bc4860717eb2e2da"},
    {file = "ruff-0.3.2-py3-none-manylinux_2_17_armv7l.manylinux2014_armv7l.whl", hash = "sha256:bb875c6cc87b3703aeda85f01c9aebdce3d217aeaca3c2e52e38077383f7268a"},
    {file = "ruff-0.3.2-py3-none-manylinux_2_17_i686.manylinux2014_i686.whl", hash = "sha256:be75e468a6a86426430373d81c041b7605137a28f7014a72d2fc749e47f572aa"},
    {file = "ruff-0.3.2-py3-none-manylinux_2_17_ppc64.manylinux2014_ppc64.whl", hash = "sha256:967978ac2d4506255e2f52afe70dda023fc602b283e97685c8447d036863a302"},
    {file = "ruff-0.3.2-py3-none-manylinux_2_17_ppc64le.manylinux2014_ppc64le.whl", hash = "sha256:1231eacd4510f73222940727ac927bc5d07667a86b0cbe822024dd00343e77e9"},
    {file = "ruff-0.3.2-py3-none-manylinux_2_17_s390x.manylinux2014_s390x.whl", hash = "sha256:2c6d613b19e9a8021be2ee1d0e27710208d1603b56f47203d0abbde906929a9b"},
    {file = "ruff-0.3.2-py3-none-manylinux_2_17_x86_64.manylinux2014_x86_64.whl", hash = "sha256:c8439338a6303585d27b66b4626cbde89bb3e50fa3cae86ce52c1db7449330a7"},
    {file = "ruff-0.3.2-py3-none-musllinux_1_2_aarch64.whl", hash = "sha256:de8b480d8379620cbb5ea466a9e53bb467d2fb07c7eca54a4aa8576483c35d36"},
    {file = "ruff-0.3.2-py3-none-musllinux_1_2_armv7l.whl", hash = "sha256:b74c3de9103bd35df2bb05d8b2899bf2dbe4efda6474ea9681280648ec4d237d"},
    {file = "ruff-0.3.2-py3-none-musllinux_1_2_i686.whl", hash = "sha256:f380be9fc15a99765c9cf316b40b9da1f6ad2ab9639e551703e581a5e6da6745"},
    {file = "ruff-0.3.2-py3-none-musllinux_1_2_x86_64.whl", hash = "sha256:0ac06a3759c3ab9ef86bbeca665d31ad3aa9a4b1c17684aadb7e61c10baa0df4"},
    {file = "ruff-0.3.2-py3-none-win32.whl", hash = "sha256:9bd640a8f7dd07a0b6901fcebccedadeb1a705a50350fb86b4003b805c81385a"},
    {file = "ruff-0.3.2-py3-none-win_amd64.whl", hash = "sha256:0c1bdd9920cab5707c26c8b3bf33a064a4ca7842d91a99ec0634fec68f9f4037"},
    {file = "ruff-0.3.2-py3-none-win_arm64.whl", hash = "sha256:5f65103b1d76e0d600cabd577b04179ff592064eaa451a70a81085930e907d0b"},
    {file = "ruff-0.3.2.tar.gz", hash = "sha256:fa78ec9418eb1ca3db392811df3376b46471ae93792a81af2d1cbb0e5dcb5142"},
]

[[package]]
name = "shellingham"
version = "1.5.0.post1"
requires_python = ">=3.7"
summary = "Tool to Detect Surrounding Shell"
files = [
    {file = "shellingham-1.5.0.post1-py2.py3-none-any.whl", hash = "sha256:368bf8c00754fd4f55afb7bbb86e272df77e4dc76ac29dbcbb81a59e9fc15744"},
    {file = "shellingham-1.5.0.post1.tar.gz", hash = "sha256:823bc5fb5c34d60f285b624e7264f4dda254bc803a3774a147bf99c0e3004a28"},
]

[[package]]
name = "sniffio"
version = "1.3.0"
requires_python = ">=3.7"
summary = "Sniff out which async library your code is running under"
files = [
    {file = "sniffio-1.3.0-py3-none-any.whl", hash = "sha256:eecefdce1e5bbfb7ad2eeaabf7c1eeb404d7757c379bd1f7e5cce9d8bf425384"},
    {file = "sniffio-1.3.0.tar.gz", hash = "sha256:e60305c5e5d314f5389259b7f22aaa33d8f7dee49763119234af3755c55b9101"},
]

[[package]]
name = "stevedore"
version = "3.5.2"
requires_python = ">=3.6"
summary = "Manage dynamic plugins for Python applications"
dependencies = [
    "pbr!=2.1.0,>=2.0.0",
]
files = [
    {file = "stevedore-3.5.2-py3-none-any.whl", hash = "sha256:fa2630e3d0ad3e22d4914aff2501445815b9a4467a6edc49387c667a38faf5bf"},
    {file = "stevedore-3.5.2.tar.gz", hash = "sha256:cf99f41fc0d5a4f185ca4d3d42b03be9011b0a1ec1a4ea1a282be1b4b306dcc2"},
]

[[package]]
name = "tomli"
version = "2.0.1"
requires_python = ">=3.7"
summary = "A lil' TOML parser"
files = [
    {file = "tomli-2.0.1-py3-none-any.whl", hash = "sha256:939de3e7a6161af0c887ef91b7d41a53e7c5a1ca976325f429cb46ea9bc30ecc"},
    {file = "tomli-2.0.1.tar.gz", hash = "sha256:de526c12914f0c550d15924c62d72abc48d6fe7364aa87328337a31007fe8a4f"},
]

[[package]]
name = "tox"
version = "4.14.1"
requires_python = ">=3.8"
summary = "tox is a generic virtualenv management and test command line tool"
dependencies = [
    "cachetools>=5.3.2",
    "chardet>=5.2",
    "colorama>=0.4.6",
    "filelock>=3.13.1",
    "packaging>=23.2",
    "platformdirs>=4.1",
    "pluggy>=1.3",
    "pyproject-api>=1.6.1",
    "tomli>=2.0.1; python_version < \"3.11\"",
    "virtualenv>=20.25",
]
files = [
    {file = "tox-4.14.1-py3-none-any.whl", hash = "sha256:b03754b6ee6dadc70f2611da82b4ed8f625fcafd247e15d1d0cb056f90a06d3b"},
    {file = "tox-4.14.1.tar.gz", hash = "sha256:f0ad758c3bbf7e237059c929d3595479363c3cdd5a06ac3e49d1dd020ffbee45"},
]

[[package]]
name = "tox-pdm"
version = "0.7.2"
requires_python = ">=3.7"
summary = "A plugin for tox that utilizes PDM as the package manager and installer"
dependencies = [
    "tomli; python_version < \"3.11\"",
    "tox>=4.0",
]
files = [
    {file = "tox_pdm-0.7.2-py3-none-any.whl", hash = "sha256:12f6215416b7acd00a80a9e7128f3dc3e3c89308d60707f5d0a24abdf83ac104"},
    {file = "tox_pdm-0.7.2.tar.gz", hash = "sha256:a841a7e1e942a71805624703b9a6d286663bd6af79bba6130ba756975c315308"},
]

[[package]]
name = "typer"
version = "0.9.0"
requires_python = ">=3.6"
summary = "Typer, build great CLIs. Easy to code. Based on Python type hints."
dependencies = [
    "click<9.0.0,>=7.1.1",
    "typing-extensions>=3.7.4.3",
]
files = [
    {file = "typer-0.9.0-py3-none-any.whl", hash = "sha256:5d96d986a21493606a358cae4461bd8cdf83cbf33a5aa950ae629ca3b51467ee"},
    {file = "typer-0.9.0.tar.gz", hash = "sha256:50922fd79aea2f4751a8e0408ff10d2662bd0c8bbfa84755a699f3bada2978b2"},
]

[[package]]
name = "typer"
version = "0.9.0"
extras = ["all"]
requires_python = ">=3.6"
summary = "Typer, build great CLIs. Easy to code. Based on Python type hints."
dependencies = [
    "colorama<0.5.0,>=0.4.3",
    "rich<14.0.0,>=10.11.0",
    "shellingham<2.0.0,>=1.3.0",
    "typer==0.9.0",
]
files = [
    {file = "typer-0.9.0-py3-none-any.whl", hash = "sha256:5d96d986a21493606a358cae4461bd8cdf83cbf33a5aa950ae629ca3b51467ee"},
    {file = "typer-0.9.0.tar.gz", hash = "sha256:50922fd79aea2f4751a8e0408ff10d2662bd0c8bbfa84755a699f3bada2978b2"},
]

[[package]]
name = "typing-extensions"
version = "4.7.1"
requires_python = ">=3.7"
summary = "Backported and Experimental Type Hints for Python 3.7+"
files = [
    {file = "typing_extensions-4.7.1-py3-none-any.whl", hash = "sha256:440d5dd3af93b060174bf433bccd69b0babc3b15b1a8dca43789fd7f61514b36"},
    {file = "typing_extensions-4.7.1.tar.gz", hash = "sha256:b75ddc264f0ba5615db7ba217daeb99701ad295353c45f9e95963337ceeeffb2"},
]

[[package]]
name = "virtualenv"
version = "20.25.0"
requires_python = ">=3.7"
summary = "Virtual Python Environment builder"
dependencies = [
    "distlib<1,>=0.3.7",
    "filelock<4,>=3.12.2",
    "platformdirs<5,>=3.9.1",
]
files = [
    {file = "virtualenv-20.25.0-py3-none-any.whl", hash = "sha256:4238949c5ffe6876362d9c0180fc6c3a824a7b12b80604eeb8085f2ed7460de3"},
    {file = "virtualenv-20.25.0.tar.gz", hash = "sha256:bf51c0d9c7dd63ea8e44086fa1e4fb1093a31e963b86959257378aef020e1f1b"},
]
